
Microsoft Visual Studio Solution File, Format Version 12.00
# Visual Studio Version 16
VisualStudioVersion = 16.0.30907.101
MinimumVisualStudioVersion = 10.0.40219.1
Project("{FAE04EC0-301F-11D3-BF4B-00C04F79EFBC}") = "SignUpWithLogin", "SignUpWithLogin\SignUpWithLogin.csproj", "{2FB0EF9A-8144-4D91-A2C9-DDADA15E3F15}"
EndProject
Global
	GlobalSection(SolutionConfigurationPlatforms) = preSolution
		Debug|Any CPU = Debug|Any CPU
		Release|Any CPU = Release|Any CPU
	EndGlobalSection
	GlobalSection(ProjectConfigurationPlatforms) = postSolution
		{2FB0EF9A-8144-4D91-A2C9-DDADA15E3F15}.Debug|Any CPU.ActiveCfg = Debug|Any CPU
		{2FB0EF9A-8144-4D91-A2C9-DDADA15E3F15}.Debug|Any CPU.Build.0 = Debug|Any CPU
		{2FB0EF9A-8144-4D91-A2C9-DDADA15E3F15}.Release|Any CPU.ActiveCfg = Release|Any CPU
		{2FB0EF9A-8144-4D91-A2C9-DDADA15E3F15}.Release|Any CPU.Build.0 = Release|Any CPU
	EndGlobalSection
	GlobalSection(SolutionProperties) = preSolution
		HideSolutionNode = FALSE
	EndGlobalSection
	GlobalSection(ExtensibilityGlobals) = postSolution
		SolutionGuid = {AFB7D36A-7663-4CAC-90CF-41D0DEBF1A82}
	EndGlobalSection
EndGlobal
